
Microsoft Visual Studio Solution File, Format Version 12.00
# Visual Studio Version 17
VisualStudioVersion = 17.1.32328.378
MinimumVisualStudioVersion = 10.0.40219.1
Project("{888888A0-9F3D-457C-B088-3A5042F75D52}") = "CPC 2 - Exercise 2", "CPC 2 - Exercise 2.pyproj", "{A1891020-5F9E-49BB-9310-8DB58D28E0DF}"
EndProject
Global
	GlobalSection(SolutionConfigurationPlatforms) = preSolution
		Debug|Any CPU = Debug|Any CPU
		Release|Any CPU = Release|Any CPU
	EndGlobalSection
	GlobalSection(ProjectConfigurationPlatforms) = postSolution
		{A1891020-5F9E-49BB-9310-8DB58D28E0DF}.Debug|Any CPU.ActiveCfg = Debug|Any CPU
		{A1891020-5F9E-49BB-9310-8DB58D28E0DF}.Release|Any CPU.ActiveCfg = Release|Any CPU
	EndGlobalSection
	GlobalSection(SolutionProperties) = preSolution
		HideSolutionNode = FALSE
	EndGlobalSection
	GlobalSection(ExtensibilityGlobals) = postSolution
		SolutionGuid = {6EBB54DF-068F-4774-A9AD-B83A7449E475}
	EndGlobalSection
EndGlobal
